// !$*UTF8*$!
{
	archiveVersion = 1;
	classes = {
	};
	objectVersion = 48;
	objects = {

/* Begin PBXBuildFile section */
		4895D56321A5342600EF4ADB /* AppDelegate.swift in Sources */ = {isa = PBXBuildFile; fileRef = 4895D56221A5342600EF4ADB /* AppDelegate.swift */; };
		4895D56521A5342600EF4ADB /* ViewController.swift in Sources */ = {isa = PBXBuildFile; fileRef = 4895D56421A5342600EF4ADB /* ViewController.swift */; };
		4895D56821A5342600EF4ADB /* Main.storyboard in Resources */ = {isa = PBXBuildFile; fileRef = 4895D56621A5342600EF4ADB /* Main.storyboard */; };
		4895D56A21A5342600EF4ADB /* Assets.xcassets in Resources */ = {isa = PBXBuildFile; fileRef = 4895D56921A5342600EF4ADB /* Assets.xcassets */; };
		4895D56D21A5342600EF4ADB /* LaunchScreen.storyboard in Resources */ = {isa = PBXBuildFile; fileRef = 4895D56B21A5342600EF4ADB /* LaunchScreen.storyboard */; };
		4895D57821A5342600EF4ADB /* TinderTests.swift in Sources */ = {isa = PBXBuildFile; fileRef = 4895D57721A5342600EF4ADB /* TinderTests.swift */; };
		4895D58321A5342600EF4ADB /* TinderUITests.swift in Sources */ = {isa = PBXBuildFile; fileRef = 4895D58221A5342600EF4ADB /* TinderUITests.swift */; };
/* End PBXBuildFile section */

/* Begin PBXContainerItemProxy section */
		4895D57421A5342600EF4ADB /* PBXContainerItemProxy */ = {
			isa = PBXContainerItemProxy;
			containerPortal = 4895D55721A5342600EF4ADB /* Project object */;
			proxyType = 1;
			remoteGlobalIDString = 4895D55E21A5342600EF4ADB;
			remoteInfo = Tinder;
		};
		4895D57F21A5342600EF4ADB /* PBXContainerItemProxy */ = {
			isa = PBXContainerItemProxy;
			containerPortal = 4895D55721A5342600EF4ADB /* Project object */;
			proxyType = 1;
			remoteGlobalIDString = 4895D55E21A5342600EF4ADB;
			remoteInfo = Tinder;
		};
/* End PBXContainerItemProxy section */

/* Begin PBXFileReference section */
		4895D55F21A5342600EF4ADB /* Tinder.app */ = {isa = PBXFileReference; explicitFileType = wrapper.application; includeInIndex = 0; path = Tinder.app; sourceTree = BUILT_PRODUCTS_DIR; };
		4895D56221A5342600EF4ADB /* AppDelegate.swift */ = {isa = PBXFileReference; lastKnownFileType = sourcecode.swift; path = AppDelegate.swift; sourceTree = "<group>"; };
		4895D56421A5342600EF4ADB /* ViewController.swift */ = {isa = PBXFileReference; lastKnownFileType = sourcecode.swift; path = ViewController.swift; sourceTree = "<group>"; };
		4895D56721A5342600EF4ADB /* Base */ = {isa = PBXFileReference; lastKnownFileType = file.storyboard; name = Base; path = Base.lproj/Main.storyboard; sourceTree = "<group>"; };
		4895D56921A5342600EF4ADB /* Assets.xcassets */ = {isa = PBXFileReference; lastKnownFileType = folder.assetcatalog; path = Assets.xcassets; sourceTree = "<group>"; };
		4895D56C21A5342600EF4ADB /* Base */ = {isa = PBXFileReference; lastKnownFileType = file.storyboard; name = Base; path = Base.lproj/LaunchScreen.storyboard; sourceTree = "<group>"; };
		4895D56E21A5342600EF4ADB /* Info.plist */ = {isa = PBXFileReference; lastKnownFileType = text.plist.xml; path = Info.plist; sourceTree = "<group>"; };
		4895D57321A5342600EF4ADB /* TinderTests.xctest */ = {isa = PBXFileReference; explicitFileType = wrapper.cfbundle; includeInIndex = 0; path = TinderTests.xctest; sourceTree = BUILT_PRODUCTS_DIR; };
		4895D57721A5342600EF4ADB /* TinderTests.swift */ = {isa = PBXFileReference; lastKnownFileType = sourcecode.swift; path = TinderTests.swift; sourceTree = "<group>"; };
		4895D57921A5342600EF4ADB /* Info.plist */ = {isa = PBXFileReference; lastKnownFileType = text.plist.xml; path = Info.plist; sourceTree = "<group>"; };
		4895D57E21A5342600EF4ADB /* TinderUITests.xctest */ = {isa = PBXFileReference; explicitFileType = wrapper.cfbundle; includeInIndex = 0; path = TinderUITests.xctest; sourceTree = BUILT_PRODUCTS_DIR; };
		4895D58221A5342600EF4ADB /* TinderUITests.swift */ = {isa = PBXFileReference; lastKnownFileType = sourcecode.swift; path = TinderUITests.swift; sourceTree = "<group>"; };
		4895D58421A5342600EF4ADB /* Info.plist */ = {isa = PBXFileReference; lastKnownFileType = text.plist.xml; path = Info.plist; sourceTree = "<group>"; };
/* End PBXFileReference section */

/* Begin PBXFrameworksBuildPhase section */
		4895D55C21A5342600EF4ADB /* Frameworks */ = {
			isa = PBXFrameworksBuildPhase;
			buildActionMask = 2147483647;
			files = (
			);
			runOnlyForDeploymentPostprocessing = 0;
		};
		4895D57021A5342600EF4ADB /* Frameworks */ = {
			isa = PBXFrameworksBuildPhase;
			buildActionMask = 2147483647;
			files = (
			);
			runOnlyForDeploymentPostprocessing = 0;
		};
		4895D57B21A5342600EF4ADB /* Frameworks */ = {
			isa = PBXFrameworksBuildPhase;
			buildActionMask = 2147483647;
			files = (
			);
			runOnlyForDeploymentPostprocessing = 0;
		};
/* End PBXFrameworksBuildPhase section */

/* Begin PBXGroup section */
		4895D55621A5342600EF4ADB = {
			isa = PBXGroup;
			children = (
				4895D56121A5342600EF4ADB /* Tinder */,
				4895D57621A5342600EF4ADB /* TinderTests */,
				4895D58121A5342600EF4ADB /* TinderUITests */,
				4895D56021A5342600EF4ADB /* Products */,
			);
			sourceTree = "<group>";
		};
		4895D56021A5342600EF4ADB /* Products */ = {
			isa = PBXGroup;
			children = (
				4895D55F21A5342600EF4ADB /* Tinder.app */,
				4895D57321A5342600EF4ADB /* TinderTests.xctest */,
				4895D57E21A5342600EF4ADB /* TinderUITests.xctest */,
			);
			name = Products;
			sourceTree = "<group>";
		};
		4895D56121A5342600EF4ADB /* Tinder */ = {
			isa = PBXGroup;
			children = (
				4895D56221A5342600EF4ADB /* AppDelegate.swift */,
				4895D56421A5342600EF4ADB /* ViewController.swift */,
				4895D56621A5342600EF4ADB /* Main.storyboard */,
				4895D56921A5342600EF4ADB /* Assets.xcassets */,
				4895D56B21A5342600EF4ADB /* LaunchScreen.storyboard */,
				4895D56E21A5342600EF4ADB /* Info.plist */,
			);
			path = Tinder;
			sourceTree = "<group>";
		};
		4895D57621A5342600EF4ADB /* TinderTests */ = {
			isa = PBXGroup;
			children = (
				4895D57721A5342600EF4ADB /* TinderTests.swift */,
				4895D57921A5342600EF4ADB /* Info.plist */,
			);
			path = TinderTests;
			sourceTree = "<group>";
		};
		4895D58121A5342600EF4ADB /* TinderUITests */ = {
			isa = PBXGroup;
			children = (
				4895D58221A5342600EF4ADB /* TinderUITests.swift */,
				4895D58421A5342600EF4ADB /* Info.plist */,
			);
			path = TinderUITests;
			sourceTree = "<group>";
		};
/* End PBXGroup section */

/* Begin PBXNativeTarget section */
		4895D55E21A5342600EF4ADB /* Tinder */ = {
			isa = PBXNativeTarget;
			buildConfigurationList = 4895D58721A5342600EF4ADB /* Build configuration list for PBXNativeTarget "Tinder" */;
			buildPhases = (
				4895D55B21A5342600EF4ADB /* Sources */,
				4895D55C21A5342600EF4ADB /* Frameworks */,
				4895D55D21A5342600EF4ADB /* Resources */,
			);
			buildRules = (
			);
			dependencies = (
			);
			name = Tinder;
			productName = Tinder;
			productReference = 4895D55F21A5342600EF4ADB /* Tinder.app */;
			productType = "com.apple.product-type.application";
		};
		4895D57221A5342600EF4ADB /* TinderTests */ = {
			isa = PBXNativeTarget;
			buildConfigurationList = 4895D58A21A5342600EF4ADB /* Build configuration list for PBXNativeTarget "TinderTests" */;
			buildPhases = (
				4895D56F21A5342600EF4ADB /* Sources */,
				4895D57021A5342600EF4ADB /* Frameworks */,
				4895D57121A5342600EF4ADB /* Resources */,
			);
			buildRules = (
			);
			dependencies = (
				4895D57521A5342600EF4ADB /* PBXTargetDependency */,
			);
			name = TinderTests;
			productName = TinderTests;
			productReference = 4895D57321A5342600EF4ADB /* TinderTests.xctest */;
			productType = "com.apple.product-type.bundle.unit-test";
		};
		4895D57D21A5342600EF4ADB /* TinderUITests */ = {
			isa = PBXNativeTarget;
			buildConfigurationList = 4895D58D21A5342600EF4ADB /* Build configuration list for PBXNativeTarget "TinderUITests" */;
			buildPhases = (
				4895D57A21A5342600EF4ADB /* Sources */,
				4895D57B21A5342600EF4ADB /* Frameworks */,
				4895D57C21A5342600EF4ADB /* Resources */,
			);
			buildRules = (
			);
			dependencies = (
				4895D58021A5342600EF4ADB /* PBXTargetDependency */,
			);
			name = TinderUITests;
			productName = TinderUITests;
			productReference = 4895D57E21A5342600EF4ADB /* TinderUITests.xctest */;
			productType = "com.apple.product-type.bundle.ui-testing";
		};
/* End PBXNativeTarget section */

/* Begin PBXProject section */
		4895D55721A5342600EF4ADB /* Project object */ = {
			isa = PBXProject;
			attributes = {
				LastSwiftUpdateCheck = 0920;
				LastUpgradeCheck = 0920;
				ORGANIZATIONNAME = "Avishek Thapa Magar";
				TargetAttributes = {
					4895D55E21A5342600EF4ADB = {
						CreatedOnToolsVersion = 9.2;
						ProvisioningStyle = Automatic;
					};
					4895D57221A5342600EF4ADB = {
						CreatedOnToolsVersion = 9.2;
						ProvisioningStyle = Automatic;
						TestTargetID = 4895D55E21A5342600EF4ADB;
					};
					4895D57D21A5342600EF4ADB = {
						CreatedOnToolsVersion = 9.2;
						ProvisioningStyle = Automatic;
						TestTargetID = 4895D55E21A5342600EF4ADB;
					};
				};
			};
			buildConfigurationList = 4895D55A21A5342600EF4ADB /* Build configuration list for PBXProject "Tinder" */;
			compatibilityVersion = "Xcode 8.0";
			developmentRegion = en;
			hasScannedForEncodings = 0;
			knownRegions = (
				en,
				Base,
			);
			mainGroup = 4895D55621A5342600EF4ADB;
			productRefGroup = 4895D56021A5342600EF4ADB /* Products */;
			projectDirPath = "";
			projectRoot = "";
			targets = (
				4895D55E21A5342600EF4ADB /* Tinder */,
				4895D57221A5342600EF4ADB /* TinderTests */,
				4895D57D21A5342600EF4ADB /* TinderUITests */,
			);
		};
/* End PBXProject section */

/* Begin PBXResourcesBuildPhase section */
		4895D55D21A5342600EF4ADB /* Resources */ = {
			isa = PBXResourcesBuildPhase;
			buildActionMask = 2147483647;
			files = (
				4895D56D21A5342600EF4ADB /* LaunchScreen.storyboard in Resources */,
				4895D56A21A5342600EF4ADB /* Assets.xcassets in Resources */,
				4895D56821A5342600EF4ADB /* Main.storyboard in Resources */,
			);
			runOnlyForDeploymentPostprocessing = 0;
		};
		4895D57121A5342600EF4ADB /* Resources */ = {
			isa = PBXResourcesBuildPhase;
			buildActionMask = 2147483647;
			files = (
			);
			runOnlyForDeploymentPostprocessing = 0;
		};
		4895D57C21A5342600EF4ADB /* Resources */ = {
			isa = PBXResourcesBuildPhase;
			buildActionMask = 2147483647;
			files = (
			);
			runOnlyForDeploymentPostprocessing = 0;
		};
/* End PBXResourcesBuildPhase section */

/* Begin PBXSourcesBuildPhase section */
		4895D55B21A5342600EF4ADB /* Sources */ = {
			isa = PBXSourcesBuildPhase;
			buildActionMask = 2147483647;
			files = (
				4895D56521A5342600EF4ADB /* ViewController.swift in Sources */,
				4895D56321A5342600EF4ADB /* AppDelegate.swift in Sources */,
			);
			runOnlyForDeploymentPostprocessing = 0;
		};
		4895D56F21A5342600EF4ADB /* Sources */ = {
			isa = PBXSourcesBuildPhase;
			buildActionMask = 2147483647;
			files = (
				4895D57821A5342600EF4ADB /* TinderTests.swift in Sources */,
			);
			runOnlyForDeploymentPostprocessing = 0;
		};
		4895D57A21A5342600EF4ADB /* Sources */ = {
			isa = PBXSourcesBuildPhase;
			buildActionMask = 2147483647;
			files = (
				4895D58321A5342600EF4ADB /* TinderUITests.swift in Sources */,
			);
			runOnlyForDeploymentPostprocessing = 0;
		};
/* End PBXSourcesBuildPhase section */

/* Begin PBXTargetDependency section */
		4895D57521A5342600EF4ADB /* PBXTargetDependency */ = {
			isa = PBXTargetDependency;
			target = 4895D55E21A5342600EF4ADB /* Tinder */;
			targetProxy = 4895D57421A5342600EF4ADB /* PBXContainerItemProxy */;
		};
		4895D58021A5342600EF4ADB /* PBXTargetDependency */ = {
			isa = PBXTargetDependency;
			target = 4895D55E21A5342600EF4ADB /* Tinder */;
			targetProxy = 4895D57F21A5342600EF4ADB /* PBXContainerItemProxy */;
		};
/* End PBXTargetDependency section */

/* Begin PBXVariantGroup section */
		4895D56621A5342600EF4ADB /* Main.storyboard */ = {
			isa = PBXVariantGroup;
			children = (
				4895D56721A5342600EF4ADB /* Base */,
			);
			name = Main.storyboard;
			sourceTree = "<group>";
		};
		4895D56B21A5342600EF4ADB /* LaunchScreen.storyboard */ = {
			isa = PBXVariantGroup;
			children = (
				4895D56C21A5342600EF4ADB /* Base */,
			);
			name = LaunchScreen.storyboard;
			sourceTree = "<group>";
		};
/* End PBXVariantGroup section */

/* Begin XCBuildConfiguration section */
		4895D58521A5342600EF4ADB /* Debug */ = {
			isa = XCBuildConfiguration;
			buildSettings = {
				ALWAYS_SEARCH_USER_PATHS = NO;
				CLANG_ANALYZER_NONNULL = YES;
				CLANG_ANALYZER_NUMBER_OBJECT_CONVERSION = YES_AGGRESSIVE;
				CLANG_CXX_LANGUAGE_STANDARD = "gnu++14";
				CLANG_CXX_LIBRARY = "libc++";
				CLANG_ENABLE_MODULES = YES;
				CLANG_ENABLE_OBJC_ARC = YES;
				CLANG_WARN_BLOCK_CAPTURE_AUTORELEASING = YES;
				CLANG_WARN_BOOL_CONVERSION = YES;
				CLANG_WARN_COMMA = YES;
				CLANG_WARN_CONSTANT_CONVERSION = YES;
				CLANG_WARN_DIRECT_OBJC_ISA_USAGE = YES_ERROR;
				CLANG_WARN_DOCUMENTATION_COMMENTS = YES;
				CLANG_WARN_EMPTY_BODY = YES;
				CLANG_WARN_ENUM_CONVERSION = YES;
				CLANG_WARN_INFINITE_RECURSION = YES;
				CLANG_WARN_INT_CONVERSION = YES;
				CLANG_WARN_NON_LITERAL_NULL_CONVERSION = YES;
				CLANG_WARN_OBJC_LITERAL_CONVERSION = YES;
				CLANG_WARN_OBJC_ROOT_CLASS = YES_ERROR;
				CLANG_WARN_RANGE_LOOP_ANALYSIS = YES;
				CLANG_WARN_STRICT_PROTOTYPES = YES;
				CLANG_WARN_SUSPICIOUS_MOVE = YES;
				CLANG_WARN_UNGUARDED_AVAILABILITY = YES_AGGRESSIVE;
				CLANG_WARN_UNREACHABLE_CODE = YES;
				CLANG_WARN__DUPLICATE_METHOD_MATCH = YES;
				CODE_SIGN_IDENTITY = "iPhone Developer";
				COPY_PHASE_STRIP = NO;
				DEBUG_INFORMATION_FORMAT = dwarf;
				ENABLE_STRICT_OBJC_MSGSEND = YES;
				ENABLE_TESTABILITY = YES;
				GCC_C_LANGUAGE_STANDARD = gnu11;
				GCC_DYNAMIC_NO_PIC = NO;
				GCC_NO_COMMON_BLOCKS = YES;
				GCC_OPTIMIZATION_LEVEL = 0;
				GCC_PREPROCESSOR_DEFINITIONS = (
					"DEBUG=1",
					"$(inherited)",
				);
				GCC_WARN_64_TO_32_BIT_CONVERSION = YES;
				GCC_WARN_ABOUT_RETURN_TYPE = YES_ERROR;
				GCC_WARN_UNDECLARED_SELECTOR = YES;
				GCC_WARN_UNINITIALIZED_AUTOS = YES_AGGRESSIVE;
				GCC_WARN_UNUSED_FUNCTION = YES;
				GCC_WARN_UNUSED_VARIABLE = YES;
				IPHONEOS_DEPLOYMENT_TARGET = 11.2;
				MTL_ENABLE_DEBUG_INFO = YES;
				ONLY_ACTIVE_ARCH = YES;
				SDKROOT = iphoneos;
				SWIFT_ACTIVE_COMPILATION_CONDITIONS = DEBUG;
				SWIFT_OPTIMIZATION_LEVEL = "-Onone";
			};
			name = Debug;
		};
		4895D58621A5342600EF4ADB /* Release */ = {
			isa = XCBuildConfiguration;
			buildSettings = {
				ALWAYS_SEARCH_USER_PATHS = NO;
				CLANG_ANALYZER_NONNULL = YES;
				CLANG_ANALYZER_NUMBER_OBJECT_CONVERSION = YES_AGGRESSIVE;
				CLANG_CXX_LANGUAGE_STANDARD = "gnu++14";
				CLANG_CXX_LIBRARY = "libc++";
				CLANG_ENABLE_MODULES = YES;
				CLANG_ENABLE_OBJC_ARC = YES;
				CLANG_WARN_BLOCK_CAPTURE_AUTORELEASING = YES;
				CLANG_WARN_BOOL_CONVERSION = YES;
				CLANG_WARN_COMMA = YES;
				CLANG_WARN_CONSTANT_CONVERSION = YES;
				CLANG_WARN_DIRECT_OBJC_ISA_USAGE = YES_ERROR;
				CLANG_WARN_DOCUMENTATION_COMMENTS = YES;
				CLANG_WARN_EMPTY_BODY = YES;
				CLANG_WARN_ENUM_CONVERSION = YES;
				CLANG_WARN_INFINITE_RECURSION = YES;
				CLANG_WARN_INT_CONVERSION = YES;
				CLANG_WARN_NON_LITERAL_NULL_CONVERSION = YES;
				CLANG_WARN_OBJC_LITERAL_CONVERSION = YES;
				CLANG_WARN_OBJC_ROOT_CLASS = YES_ERROR;
				CLANG_WARN_RANGE_LOOP_ANALYSIS = YES;
				CLANG_WARN_STRICT_PROTOTYPES = YES;
				CLANG_WARN_SUSPICIOUS_MOVE = YES;
				CLANG_WARN_UNGUARDED_AVAILABILITY = YES_AGGRESSIVE;
				CLANG_WARN_UNREACHABLE_CODE = YES;
				CLANG_WARN__DUPLICATE_METHOD_MATCH = YES;
				CODE_SIGN_IDENTITY = "iPhone Developer";
				COPY_PHASE_STRIP = NO;
				DEBUG_INFORMATION_FORMAT = "dwarf-with-dsym";
				ENABLE_NS_ASSERTIONS = NO;
				ENABLE_STRICT_OBJC_MSGSEND = YES;
				GCC_C_LANGUAGE_STANDARD = gnu11;
				GCC_NO_COMMON_BLOCKS = YES;
				GCC_WARN_64_TO_32_BIT_CONVERSION = YES;
				GCC_WARN_ABOUT_RETURN_TYPE = YES_ERROR;
				GCC_WARN_UNDECLARED_SELECTOR = YES;
				GCC_WARN_UNINITIALIZED_AUTOS = YES_AGGRESSIVE;
				GCC_WARN_UNUSED_FUNCTION = YES;
				GCC_WARN_UNUSED_VARIABLE = YES;
				IPHONEOS_DEPLOYMENT_TARGET = 11.2;
				MTL_ENABLE_DEBUG_INFO = NO;
				SDKROOT = iphoneos;
				SWIFT_OPTIMIZATION_LEVEL = "-Owholemodule";
				VALIDATE_PRODUCT = YES;
			};
			name = Release;
		};
		4895D58821A5342600EF4ADB /* Debug */ = {
			isa = XCBuildConfiguration;
			buildSettings = {
				ASSETCATALOG_COMPILER_APPICON_NAME = AppIcon;
				CODE_SIGN_STYLE = Automatic;
				INFOPLIST_FILE = Tinder/Info.plist;
				LD_RUNPATH_SEARCH_PATHS = "$(inherited) @executable_path/Frameworks";
				PRODUCT_BUNDLE_IDENTIFIER = soft.Tinder;
				PRODUCT_NAME = "$(TARGET_NAME)";
				SWIFT_VERSION = 4.0;
				TARGETED_DEVICE_FAMILY = "1,2";
			};
			name = Debug;
		};
		4895D58921A5342600EF4ADB /* Release */ = {
			isa = XCBuildConfiguration;
			buildSettings = {
				ASSETCATALOG_COMPILER_APPICON_NAME = AppIcon;
				CODE_SIGN_STYLE = Automatic;
				INFOPLIST_FILE = Tinder/Info.plist;
				LD_RUNPATH_SEARCH_PATHS = "$(inherited) @executable_path/Frameworks";
				PRODUCT_BUNDLE_IDENTIFIER = soft.Tinder;
				PRODUCT_NAME = "$(TARGET_NAME)";
				SWIFT_VERSION = 4.0;
				TARGETED_DEVICE_FAMILY = "1,2";
			};
			name = Release;
		};
		4895D58B21A5342600EF4ADB /* Debug */ = {
			isa = XCBuildConfiguration;
			buildSettings = {
				ALWAYS_EMBED_SWIFT_STANDARD_LIBRARIES = YES;
				BUNDLE_LOADER = "$(TEST_HOST)";
				CODE_SIGN_STYLE = Automatic;
				INFOPLIST_FILE = TinderTests/Info.plist;
				LD_RUNPATH_SEARCH_PATHS = "$(inherited) @executable_path/Frameworks @loader_path/Frameworks";
				PRODUCT_BUNDLE_IDENTIFIER = soft.TinderTests;
				PRODUCT_NAME = "$(TARGET_NAME)";
				SWIFT_VERSION = 4.0;
				TARGETED_DEVICE_FAMILY = "1,2";
				TEST_HOST = "$(BUILT_PRODUCTS_DIR)/Tinder.app/Tinder";
			};
			name = Debug;
		};
		4895D58C21A5342600EF4ADB /* Release */ = {
			isa = XCBuildConfiguration;
			buildSettings = {
				ALWAYS_EMBED_SWIFT_STANDARD_LIBRARIES = YES;
				BUNDLE_LOADER = "$(TEST_HOST)";
				CODE_SIGN_STYLE = Automatic;
				INFOPLIST_FILE = TinderTests/Info.plist;
				LD_RUNPATH_SEARCH_PATHS = "$(inherited) @executable_path/Frameworks @loader_path/Frameworks";
				PRODUCT_BUNDLE_IDENTIFIER = soft.TinderTests;
				PRODUCT_NAME = "$(TARGET_NAME)";
				SWIFT_VERSION = 4.0;
				TARGETED_DEVICE_FAMILY = "1,2";
				TEST_HOST = "$(BUILT_PRODUCTS_DIR)/Tinder.app/Tinder";
			};
			name = Release;
		};
		4895D58E21A5342600EF4ADB /* Debug */ = {
			isa = XCBuildConfiguration;
			buildSettings = {
				ALWAYS_EMBED_SWIFT_STANDARD_LIBRARIES = YES;
				CODE_SIGN_STYLE = Automatic;
				INFOPLIST_FILE = TinderUITests/Info.plist;
				LD_RUNPATH_SEARCH_PATHS = "$(inherited) @executable_path/Frameworks @loader_path/Frameworks";
				PRODUCT_BUNDLE_IDENTIFIER = soft.TinderUITests;
				PRODUCT_NAME = "$(TARGET_NAME)";
				SWIFT_VERSION = 4.0;
				TARGETED_DEVICE_FAMILY = "1,2";
				TEST_TARGET_NAME = Tinder;
			};
			name = Debug;
		};
		4895D58F21A5342600EF4ADB /* Release */ = {
			isa = XCBuildConfiguration;
			buildSettings = {
				ALWAYS_EMBED_SWIFT_STANDARD_LIBRARIES = YES;
				CODE_SIGN_STYLE = Automatic;
				INFOPLIST_FILE = TinderUITests/Info.plist;
				LD_RUNPATH_SEARCH_PATHS = "$(inherited) @executable_path/Frameworks @loader_path/Frameworks";
				PRODUCT_BUNDLE_IDENTIFIER = soft.TinderUITests;
				PRODUCT_NAME = "$(TARGET_NAME)";
				SWIFT_VERSION = 4.0;
				TARGETED_DEVICE_FAMILY = "1,2";
				TEST_TARGET_NAME = Tinder;
			};
			name = Release;
		};
/* End XCBuildConfiguration section */

/* Begin XCConfigurationList section */
		4895D55A21A5342600EF4ADB /* Build configuration list for PBXProject "Tinder" */ = {
			isa = XCConfigurationList;
			buildConfigurations = (
				4895D58521A5342600EF4ADB /* Debug */,
				4895D58621A5342600EF4ADB /* Release */,
			);
			defaultConfigurationIsVisible = 0;
			defaultConfigurationName = Release;
		};
		4895D58721A5342600EF4ADB /* Build configuration list for PBXNativeTarget "Tinder" */ = {
			isa = XCConfigurationList;
			buildConfigurations = (
				4895D58821A5342600EF4ADB /* Debug */,
				4895D58921A5342600EF4ADB /* Release */,
			);
			defaultConfigurationIsVisible = 0;
			defaultConfigurationName = Release;
		};
		4895D58A21A5342600EF4ADB /* Build configuration list for PBXNativeTarget "TinderTests" */ = {
			isa = XCConfigurationList;
			buildConfigurations = (
				4895D58B21A5342600EF4ADB /* Debug */,
				4895D58C21A5342600EF4ADB /* Release */,
			);
			defaultConfigurationIsVisible = 0;
			defaultConfigurationName = Release;
		};
		4895D58D21A5342600EF4ADB /* Build configuration list for PBXNativeTarget "TinderUITests" */ = {
			isa = XCConfigurationList;
			buildConfigurations = (
				4895D58E21A5342600EF4ADB /* Debug */,
				4895D58F21A5342600EF4ADB /* Release */,
			);
			defaultConfigurationIsVisible = 0;
			defaultConfigurationName = Release;
		};
/* End XCConfigurationList section */
	};
	rootObject = 4895D55721A5342600EF4ADB /* Project object */;
}
